PODS:
  - Masonry (1.1.0)
  - MBProgressHUD (0.9.2)
  - MJRefresh (2.4.12)
  - ReactiveCocoa (2.5):
    - ReactiveCocoa/UI (= 2.5)
  - ReactiveCocoa/Core (2.5):
    - ReactiveCocoa/no-arc
  - ReactiveCocoa/no-arc (2.5)
  - ReactiveCocoa/UI (2.5):
    - ReactiveCocoa/Core
  - Toast (3.1.0)

DEPENDENCIES:
  - Masonry
  - MBProgressHUD (~> 0.9.1)
  - MJRefresh (~> 2.4.10)
  - ReactiveCocoa (~> 2.5)
  - Toast (~> 3.0)

SPEC REPOS:
  https://github.com/cocoapods/specs.git:
    - Masonry
    - MBProgressHUD
    - MJRefresh
    - ReactiveCocoa
    - Toast

SPEC CHECKSUMS:
  Masonry: 678fab65091a9290e40e2832a55e7ab731aad201
  MBProgressHUD: 1569cf7ace17a8bac47aabfbb8580a49690386d1
  MJRefresh: ca8e9589895977df32d379d46e6b8a5450b3ff44
  ReactiveCocoa: e2db045570aa97c695e7aa97c2bcab222ae51f4a
  Toast: 14a93686d6c8bfe2727afd342414e35660a8a1f3

PODFILE CHECKSUM: c34d1d5c1854d7d8a89468e14d27422df847874b

COCOAPODS: 1.5.3
